// !$*UTF8*$!
{
	archiveVersion = 1;
	classes = {
	};
	objectVersion = 46;
	objects = {

/* Begin PBXBuildFile section */
		0A0A3031BD27FFC4C0A141C8 /* libPods-Common.a in Frameworks */ = {isa = PBXBuildFile; fileRef = 2C11EF6F8EEA27936741FBB8 /* libPods-Common.a */; };
		1412080A215258C5009E213E /* MenuViewController.m in Sources */ = {isa = PBXBuildFile; fileRef = 14120809215258C5009E213E /* MenuViewController.m */; };
		14120817215259F0009E213E /* CategoryHomeShowAppCell.xib in Resources */ = {isa = PBXBuildFile; fileRef = 1412080C215259F0009E213E /* CategoryHomeShowAppCell.xib */; };
		14120818215259F0009E213E /* CollectionReusableHeaderView.m in Sources */ = {isa = PBXBuildFile; fileRef = 1412080D215259F0009E213E /* CollectionReusableHeaderView.m */; };
		14120819215259F0009E213E /* CollectionReusableFooterView.xib in Resources */ = {isa = PBXBuildFile; fileRef = 14120811215259F0009E213E /* CollectionReusableFooterView.xib */; };
		1412081A215259F0009E213E /* CategoryModel.m in Sources */ = {isa = PBXBuildFile; fileRef = 14120813215259F0009E213E /* CategoryModel.m */; };
		1412081B215259F0009E213E /* CollectionReusableFooterView.m in Sources */ = {isa = PBXBuildFile; fileRef = 14120814215259F0009E213E /* CollectionReusableFooterView.m */; };
		1412081C215259F0009E213E /* CollectionReusableHeaderView.xib in Resources */ = {isa = PBXBuildFile; fileRef = 14120815215259F0009E213E /* CollectionReusableHeaderView.xib */; };
		1412081D215259F0009E213E /* CategoryHomeShowAppCell.m in Sources */ = {isa = PBXBuildFile; fileRef = 14120816215259F0009E213E /* CategoryHomeShowAppCell.m */; };
		1412082021525AA5009E213E /* ComprehensiveViewController.m in Sources */ = {isa = PBXBuildFile; fileRef = 1412081F21525AA5009E213E /* ComprehensiveViewController.m */; };
		144DE01E2140BB8F007A03DB /* HomeViewController.m in Sources */ = {isa = PBXBuildFile; fileRef = 144DE01D2140BB8F007A03DB /* HomeViewController.m */; };
		144DE06F2140CFA1007A03DB /* UIView+LoadNib.m in Sources */ = {isa = PBXBuildFile; fileRef = 144DE06E2140CFA1007A03DB /* UIView+LoadNib.m */; };
		144DE0732140CFC4007A03DB /* TitleImageBtn.m in Sources */ = {isa = PBXBuildFile; fileRef = 144DE0712140CFC4007A03DB /* TitleImageBtn.m */; };
		144DE07A2140D646007A03DB /* life_reduce.png in Resources */ = {isa = PBXBuildFile; fileRef = 144DE0752140D645007A03DB /* life_reduce.png */; };
		144DE07B2140D646007A03DB /* life_add.png in Resources */ = {isa = PBXBuildFile; fileRef = 144DE0762140D645007A03DB /* life_add.png */; };
		144DE07C2140D646007A03DB /* life_exist.png in Resources */ = {isa = PBXBuildFile; fileRef = 144DE0772140D645007A03DB /* life_exist.png */; };
		144DE07D2140D646007A03DB /* 2.png in Resources */ = {isa = PBXBuildFile; fileRef = 144DE0782140D645007A03DB /* 2.png */; };
		144DE0802140D713007A03DB /* 1.png in Resources */ = {isa = PBXBuildFile; fileRef = 144DE07F2140D713007A03DB /* 1.png */; };
		144E35A4213F69CD003F9C7B /* BaseTabBarViewController.m in Sources */ = {isa = PBXBuildFile; fileRef = 144E35A3213F69CD003F9C7B /* BaseTabBarViewController.m */; };
		144E35B5213FBF48003F9C7B /* back_icon@3x.png in Resources */ = {isa = PBXBuildFile; fileRef = 144E35B1213FBF48003F9C7B /* back_icon@3x.png */; };
		144E35B6213FBF48003F9C7B /* close_icon@3x.png in Resources */ = {isa = PBXBuildFile; fileRef = 144E35B2213FBF48003F9C7B /* close_icon@3x.png */; };
		144E35B7213FBF48003F9C7B /* back_icon@2x.png in Resources */ = {isa = PBXBuildFile; fileRef = 144E35B3213FBF48003F9C7B /* back_icon@2x.png */; };
		144E35B8213FBF48003F9C7B /* close_icon@2x.png in Resources */ = {isa = PBXBuildFile; fileRef = 144E35B4213FBF48003F9C7B /* close_icon@2x.png */; };
		144E35CA213FCD21003F9C7B /* ico_home_normal@3x.png in Resources */ = {isa = PBXBuildFile; fileRef = 144E35C6213FCD21003F9C7B /* ico_home_normal@3x.png */; };
		144E35CB213FCD21003F9C7B /* ico_home_normal@2x.png in Resources */ = {isa = PBXBuildFile; fileRef = 144E35C7213FCD21003F9C7B /* ico_home_normal@2x.png */; };
		144E35CD213FCDB5003F9C7B /* mine@2x.png in Resources */ = {isa = PBXBuildFile; fileRef = 144E35CC213FCDB5003F9C7B /* mine@2x.png */; };
		144E35D0213FCE5E003F9C7B /* target@2x.png in Resources */ = {isa = PBXBuildFile; fileRef = 144E35CE213FCE5D003F9C7B /* target@2x.png */; };
		144E35D1213FCE5E003F9C7B /* target@3x.png in Resources */ = {isa = PBXBuildFile; fileRef = 144E35CF213FCE5E003F9C7B /* target@3x.png */; };
		144E35D4213FCED2003F9C7B /* heart@2x.png in Resources */ = {isa = PBXBuildFile; fileRef = 144E35D2213FCED2003F9C7B /* heart@2x.png */; };
		144E35D5213FCED2003F9C7B /* heart@3x.png in Resources */ = {isa = PBXBuildFile; fileRef = 144E35D3213FCED2003F9C7B /* heart@3x.png */; };
		144E35D7213FCEEC003F9C7B /* mine@3x.png in Resources */ = {isa = PBXBuildFile; fileRef = 144E35D6213FCEEC003F9C7B /* mine@3x.png */; };
		144E35DA213FE7A6003F9C7B /* BaseNavigationViewController.m in Sources */ = {isa = PBXBuildFile; fileRef = 144E35D9213FE7A6003F9C7B /* BaseNavigationViewController.m */; };
		1459B73C2142010D00B5DE72 /* 3-selected@2x.png in Resources */ = {isa = PBXBuildFile; fileRef = 1459B72C2142010C00B5DE72 /* 3-selected@2x.png */; };
		1459B73D2142010D00B5DE72 /* 4-selected@2x.png in Resources */ = {isa = PBXBuildFile; fileRef = 1459B72D2142010C00B5DE72 /* 4-selected@2x.png */; };
		1459B73E2142010D00B5DE72 /* 1@2x.png in Resources */ = {isa = PBXBuildFile; fileRef = 1459B72E2142010C00B5DE72 /* 1@2x.png */; };
		1459B73F2142010D00B5DE72 /* 3@2x.png in Resources */ = {isa = PBXBuildFile; fileRef = 1459B72F2142010C00B5DE72 /* 3@2x.png */; };
		1459B7402142010D00B5DE72 /* 1-selected.png in Resources */ = {isa = PBXBuildFile; fileRef = 1459B7302142010C00B5DE72 /* 1-selected.png */; };
		1459B7412142010D00B5DE72 /* 2-selected@2x.png in Resources */ = {isa = PBXBuildFile; fileRef = 1459B7312142010C00B5DE72 /* 2-selected@2x.png */; };
		1459B7422142010D00B5DE72 /* 3-selected.png in Resources */ = {isa = PBXBuildFile; fileRef = 1459B7322142010C00B5DE72 /* 3-selected.png */; };
		1459B7432142010D00B5DE72 /* 4-selected.png in Resources */ = {isa = PBXBuildFile; fileRef = 1459B7332142010C00B5DE72 /* 4-selected.png */; };
		1459B7442142010D00B5DE72 /* 2-selected.png in Resources */ = {isa = PBXBuildFile; fileRef = 1459B7342142010C00B5DE72 /* 2-selected.png */; };
		1459B7452142010D00B5DE72 /* 4@2x.png in Resources */ = {isa = PBXBuildFile; fileRef = 1459B7352142010C00B5DE72 /* 4@2x.png */; };
		1459B7462142010D00B5DE72 /* 4.png in Resources */ = {isa = PBXBuildFile; fileRef = 1459B7362142010C00B5DE72 /* 4.png */; };
		1459B7472142010D00B5DE72 /* 1-selected@2x.png in Resources */ = {isa = PBXBuildFile; fileRef = 1459B7372142010C00B5DE72 /* 1-selected@2x.png */; };
		1459B7482142010D00B5DE72 /* 2.png in Resources */ = {isa = PBXBuildFile; fileRef = 1459B7382142010C00B5DE72 /* 2.png */; };
		1459B7492142010D00B5DE72 /* 3.png in Resources */ = {isa = PBXBuildFile; fileRef = 1459B7392142010C00B5DE72 /* 3.png */; };
		1459B74A2142010D00B5DE72 /* 1.png in Resources */ = {isa = PBXBuildFile; fileRef = 1459B73A2142010C00B5DE72 /* 1.png */; };
		1459B74B2142010D00B5DE72 /* 2@2x.png in Resources */ = {isa = PBXBuildFile; fileRef = 1459B73B2142010C00B5DE72 /* 2@2x.png */; };
		148A3D931E890BBB00930AB0 /* AppDelegate.m in Sources */ = {isa = PBXBuildFile; fileRef = 148A3D921E890BBB00930AB0 /* AppDelegate.m */; };
		148F0CE81E9C8BEE00181353 /* NSString+Extension.m in Sources */ = {isa = PBXBuildFile; fileRef = 148F0CE71E9C8BEE00181353 /* NSString+Extension.m */; };
		14ADBF381E9B835100D9466F /* UIImage+Extension.m in Sources */ = {isa = PBXBuildFile; fileRef = 14ADBF371E9B835100D9466F /* UIImage+Extension.m */; };
		14ADBF3B1E9B84FC00D9466F /* UITabBar+Badge.m in Sources */ = {isa = PBXBuildFile; fileRef = 14ADBF3A1E9B84FC00D9466F /* UITabBar+Badge.m */; };
		14ADBF511E9B87E100D9466F /* TabBarConfigure.plist in Resources */ = {isa = PBXBuildFile; fileRef = 14ADBF501E9B87E100D9466F /* TabBarConfigure.plist */; };
		7CA34A721E88EF430043159B /* main.m in Sources */ = {isa = PBXBuildFile; fileRef = 7CA34A711E88EF430043159B /* main.m */; };
		7CA34A7B1E88EF430043159B /* Main.storyboard in Resources */ = {isa = PBXBuildFile; fileRef = 7CA34A791E88EF430043159B /* Main.storyboard */; };
		7CA34A7D1E88EF430043159B /* Assets.xcassets in Resources */ = {isa = PBXBuildFile; fileRef = 7CA34A7C1E88EF430043159B /* Assets.xcassets */; };
		7CA34A801E88EF430043159B /* LaunchScreen.storyboard in Resources */ = {isa = PBXBuildFile; fileRef = 7CA34A7E1E88EF430043159B /* LaunchScreen.storyboard */; };
		7CA34A8B1E88EF430043159B /* CommonTests.m in Sources */ = {isa = PBXBuildFile; fileRef = 7CA34A8A1E88EF430043159B /* CommonTests.m */; };
		7CA34A961E88EF430043159B /* CommonUITests.m in Sources */ = {isa = PBXBuildFile; fileRef = 7CA34A951E88EF430043159B /* CommonUITests.m */; };
/* End PBXBuildFile section */

/* Begin PBXContainerItemProxy section */
		7CA34A871E88EF430043159B /* PBXContainerItemProxy */ = {
			isa = PBXContainerItemProxy;
			containerPortal = 7CA34A651E88EF430043159B /* Project object */;
			proxyType = 1;
			remoteGlobalIDString = 7CA34A6C1E88EF430043159B;
			remoteInfo = Common;
		};
		7CA34A921E88EF430043159B /* PBXContainerItemProxy */ = {
			isa = PBXContainerItemProxy;
			containerPortal = 7CA34A651E88EF430043159B /* Project object */;
			proxyType = 1;
			remoteGlobalIDString = 7CA34A6C1E88EF430043159B;
			remoteInfo = Common;
		};
/* End PBXContainerItemProxy section */

/* Begin PBXFileReference section */
		14120808215258C5009E213E /* MenuViewController.h */ = {isa = PBXFileReference; lastKnownFileType = sourcecode.c.h; path = MenuViewController.h; sourceTree = "<group>"; };
		14120809215258C5009E213E /* MenuViewController.m */ = {isa = PBXFileReference; lastKnownFileType = sourcecode.c.objc; path = MenuViewController.m; sourceTree = "<group>"; };
		1412080C215259F0009E213E /* CategoryHomeShowAppCell.xib */ = {isa = PBXFileReference; fileEncoding = 4; lastKnownFileType = file.xib; path = CategoryHomeShowAppCell.xib; sourceTree = "<group>"; };
		1412080D215259F0009E213E /* CollectionReusableHeaderView.m */ = {isa = PBXFileReference; fileEncoding = 4; lastKnownFileType = sourcecode.c.objc; path = CollectionReusableHeaderView.m; sourceTree = "<group>"; };
		1412080E215259F0009E213E /* CollectionReusableFooterView.h */ = {isa = PBXFileReference; fileEncoding = 4; lastKnownFileType = sourcecode.c.h; path = CollectionReusableFooterView.h; sourceTree = "<group>"; };
		1412080F215259F0009E213E /* CategoryModel.h */ = {isa = PBXFileReference; fileEncoding = 4; lastKnownFileType = sourcecode.c.h; path = CategoryModel.h; sourceTree = "<group>"; };
		14120810215259F0009E213E /* CategoryHomeShowAppCell.h */ = {isa = PBXFileReference; fileEncoding = 4; lastKnownFileType = sourcecode.c.h; path = CategoryHomeShowAppCell.h; sourceTree = "<group>"; };
		14120811215259F0009E213E /* CollectionReusableFooterView.xib */ = {isa = PBXFileReference; fileEncoding = 4; lastKnownFileType = file.xib; path = CollectionReusableFooterView.xib; sourceTree = "<group>"; };
		14120812215259F0009E213E /* CollectionReusableHeaderView.h */ = {isa = PBXFileReference; fileEncoding = 4; lastKnownFileType = sourcecode.c.h; path = CollectionReusableHeaderView.h; sourceTree = "<group>"; };
		14120813215259F0009E213E /* CategoryModel.m */ = {isa = PBXFileReference; fileEncoding = 4; lastKnownFileType = sourcecode.c.objc; path = CategoryModel.m; sourceTree = "<group>"; };
		14120814215259F0009E213E /* CollectionReusableFooterView.m */ = {isa = PBXFileReference; fileEncoding = 4; lastKnownFileType = sourcecode.c.objc; path = CollectionReusableFooterView.m; sourceTree = "<group>"; };
		14120815215259F0009E213E /* CollectionReusableHeaderView.xib */ = {isa = PBXFileReference; fileEncoding = 4; lastKnownFileType = file.xib; path = CollectionReusableHeaderView.xib; sourceTree = "<group>"; };
		14120816215259F0009E213E /* CategoryHomeShowAppCell.m */ = {isa = PBXFileReference; fileEncoding = 4; lastKnownFileType = sourcecode.c.objc; path = CategoryHomeShowAppCell.m; sourceTree = "<group>"; };
		1412081E21525AA5009E213E /* ComprehensiveViewController.h */ = {isa = PBXFileReference; lastKnownFileType = sourcecode.c.h; path = ComprehensiveViewController.h; sourceTree = "<group>"; };
		1412081F21525AA5009E213E /* ComprehensiveViewController.m */ = {isa = PBXFileReference; lastKnownFileType = sourcecode.c.objc; path = ComprehensiveViewController.m; sourceTree = "<group>"; };
		144DE01C2140BB8F007A03DB /* HomeViewController.h */ = {isa = PBXFileReference; lastKnownFileType = sourcecode.c.h; path = HomeViewController.h; sourceTree = "<group>"; };
		144DE01D2140BB8F007A03DB /* HomeViewController.m */ = {isa = PBXFileReference; lastKnownFileType = sourcecode.c.objc; path = HomeViewController.m; sourceTree = "<group>"; };
		144DE06D2140CFA1007A03DB /* UIView+LoadNib.h */ = {isa = PBXFileReference; fileEncoding = 4; lastKnownFileType = sourcecode.c.h; path = "UIView+LoadNib.h"; sourceTree = "<group>"; };
		144DE06E2140CFA1007A03DB /* UIView+LoadNib.m */ = {isa = PBXFileReference; fileEncoding = 4; lastKnownFileType = sourcecode.c.objc; path = "UIView+LoadNib.m"; sourceTree = "<group>"; };
		144DE0712140CFC4007A03DB /* TitleImageBtn.m */ = {isa = PBXFileReference; fileEncoding = 4; lastKnownFileType = sourcecode.c.objc; path = TitleImageBtn.m; sourceTree = "<group>"; };
		144DE0722140CFC4007A03DB /* TitleImageBtn.h */ = {isa = PBXFileReference; fileEncoding = 4; lastKnownFileType = sourcecode.c.h; path = TitleImageBtn.h; sourceTree = "<group>"; };
		144DE0752140D645007A03DB /* life_reduce.png */ = {isa = PBXFileReference; lastKnownFileType = image.png; path = life_reduce.png; sourceTree = "<group>"; };
		144DE0762140D645007A03DB /* life_add.png */ = {isa = PBXFileReference; lastKnownFileType = image.png; path = life_add.png; sourceTree = "<group>"; };
		144DE0772140D645007A03DB /* life_exist.png */ = {isa = PBXFileReference; lastKnownFileType = image.png; path = life_exist.png; sourceTree = "<group>"; };
		144DE0782140D645007A03DB /* 2.png */ = {isa = PBXFileReference; lastKnownFileType = image.png; path = 2.png; sourceTree = "<group>"; };
		144DE07F2140D713007A03DB /* 1.png */ = {isa = PBXFileReference; lastKnownFileType = image.png; path = 1.png; sourceTree = "<group>"; };
		144E35A2213F69CD003F9C7B /* BaseTabBarViewController.h */ = {isa = PBXFileReference; lastKnownFileType = sourcecode.c.h; path = BaseTabBarViewController.h; sourceTree = "<group>"; };
		144E35A3213F69CD003F9C7B /* BaseTabBarViewController.m */ = {isa = PBXFileReference; lastKnownFileType = sourcecode.c.objc; path = BaseTabBarViewController.m; sourceTree = "<group>"; };
		144E35B1213FBF48003F9C7B /* back_icon@3x.png */ = {isa = PBXFileReference; lastKnownFileType = image.png; path = "back_icon@3x.png"; sourceTree = "<group>"; };
		144E35B2213FBF48003F9C7B /* close_icon@3x.png */ = {isa = PBXFileReference; lastKnownFileType = image.png; path = "close_icon@3x.png"; sourceTree = "<group>"; };
		144E35B3213FBF48003F9C7B /* back_icon@2x.png */ = {isa = PBXFileReference; lastKnownFileType = image.png; path = "back_icon@2x.png"; sourceTree = "<group>"; };
		144E35B4213FBF48003F9C7B /* close_icon@2x.png */ = {isa = PBXFileReference; lastKnownFileType = image.png; path = "close_icon@2x.png"; sourceTree = "<group>"; };
		144E35C6213FCD21003F9C7B /* ico_home_normal@3x.png */ = {isa = PBXFileReference; lastKnownFileType = image.png; path = "ico_home_normal@3x.png"; sourceTree = "<group>"; };
		144E35C7213FCD21003F9C7B /* ico_home_normal@2x.png */ = {isa = PBXFileReference; lastKnownFileType = image.png; path = "ico_home_normal@2x.png"; sourceTree = "<group>"; };
		144E35CC213FCDB5003F9C7B /* mine@2x.png */ = {isa = PBXFileReference; lastKnownFileType = image.png; path = "mine@2x.png"; sourceTree = "<group>"; };
		144E35CE213FCE5D003F9C7B /* target@2x.png */ = {isa = PBXFileReference; lastKnownFileType = image.png; path = "target@2x.png"; sourceTree = "<group>"; };
		144E35CF213FCE5E003F9C7B /* target@3x.png */ = {isa = PBXFileReference; lastKnownFileType = image.png; path = "target@3x.png"; sourceTree = "<group>"; };
		144E35D2213FCED2003F9C7B /* heart@2x.png */ = {isa = PBXFileReference; lastKnownFileType = image.png; path = "heart@2x.png"; sourceTree = "<group>"; };
		144E35D3213FCED2003F9C7B /* heart@3x.png */ = {isa = PBXFileReference; lastKnownFileType = image.png; path = "heart@3x.png"; sourceTree = "<group>"; };
		144E35D6213FCEEC003F9C7B /* mine@3x.png */ = {isa = PBXFileReference; lastKnownFileType = image.png; path = "mine@3x.png"; sourceTree = "<group>"; };
		144E35D8213FE7A6003F9C7B /* BaseNavigationViewController.h */ = {isa = PBXFileReference; lastKnownFileType = sourcecode.c.h; path = BaseNavigationViewController.h; sourceTree = "<group>"; };
		144E35D9213FE7A6003F9C7B /* BaseNavigationViewController.m */ = {isa = PBXFileReference; lastKnownFileType = sourcecode.c.objc; path = BaseNavigationViewController.m; sourceTree = "<group>"; };
		1459B72C2142010C00B5DE72 /* 3-selected@2x.png */ = {isa = PBXFileReference; lastKnownFileType = image.png; path = "3-selected@2x.png"; sourceTree = "<group>"; };
		1459B72D2142010C00B5DE72 /* 4-selected@2x.png */ = {isa = PBXFileReference; lastKnownFileType = image.png; path = "4-selected@2x.png"; sourceTree = "<group>"; };
		1459B72E2142010C00B5DE72 /* 1@2x.png */ = {isa = PBXFileReference; lastKnownFileType = image.png; path = "1@2x.png"; sourceTree = "<group>"; };
		1459B72F2142010C00B5DE72 /* 3@2x.png */ = {isa = PBXFileReference; lastKnownFileType = image.png; path = "3@2x.png"; sourceTree = "<group>"; };
		1459B7302142010C00B5DE72 /* 1-selected.png */ = {isa = PBXFileReference; lastKnownFileType = image.png; path = "1-selected.png"; sourceTree = "<group>"; };
		1459B7312142010C00B5DE72 /* 2-selected@2x.png */ = {isa = PBXFileReference; lastKnownFileType = image.png; path = "2-selected@2x.png"; sourceTree = "<group>"; };
		1459B7322142010C00B5DE72 /* 3-selected.png */ = {isa = PBXFileReference; lastKnownFileType = image.png; path = "3-selected.png"; sourceTree = "<group>"; };
		1459B7332142010C00B5DE72 /* 4-selected.png */ = {isa = PBXFileReference; lastKnownFileType = image.png; path = "4-selected.png"; sourceTree = "<group>"; };
		1459B7342142010C00B5DE72 /* 2-selected.png */ = {isa = PBXFileReference; lastKnownFileType = image.png; path = "2-selected.png"; sourceTree = "<group>"; };
		1459B7352142010C00B5DE72 /* 4@2x.png */ = {isa = PBXFileReference; lastKnownFileType = image.png; path = "4@2x.png"; sourceTree = "<group>"; };
		1459B7362142010C00B5DE72 /* 4.png */ = {isa = PBXFileReference; lastKnownFileType = image.png; path = 4.png; sourceTree = "<group>"; };
		1459B7372142010C00B5DE72 /* 1-selected@2x.png */ = {isa = PBXFileReference; lastKnownFileType = image.png; path = "1-selected@2x.png"; sourceTree = "<group>"; };
		1459B7382142010C00B5DE72 /* 2.png */ = {isa = PBXFileReference; lastKnownFileType = image.png; path = 2.png; sourceTree = "<group>"; };
		1459B7392142010C00B5DE72 /* 3.png */ = {isa = PBXFileReference; lastKnownFileType = image.png; path = 3.png; sourceTree = "<group>"; };
		1459B73A2142010C00B5DE72 /* 1.png */ = {isa = PBXFileReference; lastKnownFileType = image.png; path = 1.png; sourceTree = "<group>"; };
		1459B73B2142010C00B5DE72 /* 2@2x.png */ = {isa = PBXFileReference; lastKnownFileType = image.png; path = "2@2x.png"; sourceTree = "<group>"; };
		148A3D911E890BBB00930AB0 /* AppDelegate.h */ = {isa = PBXFileReference; fileEncoding = 4; lastKnownFileType = sourcecode.c.h; path = AppDelegate.h; sourceTree = "<group>"; };
		148A3D921E890BBB00930AB0 /* AppDelegate.m */ = {isa = PBXFileReference; fileEncoding = 4; lastKnownFileType = sourcecode.c.objc; path = AppDelegate.m; sourceTree = "<group>"; };
		148F0CE61E9C8BEE00181353 /* NSString+Extension.h */ = {isa = PBXFileReference; fileEncoding = 4; lastKnownFileType = sourcecode.c.h; path = "NSString+Extension.h"; sourceTree = "<group>"; };
		148F0CE71E9C8BEE00181353 /* NSString+Extension.m */ = {isa = PBXFileReference; fileEncoding = 4; lastKnownFileType = sourcecode.c.objc; path = "NSString+Extension.m"; sourceTree = "<group>"; };
		148F0CE91E9CB9D700181353 /* PrefixHeader.pch */ = {isa = PBXFileReference; fileEncoding = 4; lastKnownFileType = sourcecode.c.h; path = PrefixHeader.pch; sourceTree = "<group>"; };
		14ADBF2D1E9B81BF00D9466F /* PublicDefine.h */ = {isa = PBXFileReference; fileEncoding = 4; lastKnownFileType = sourcecode.c.h; path = PublicDefine.h; sourceTree = "<group>"; };
		14ADBF2E1E9B821900D9466F /* AppConfig.h */ = {isa = PBXFileReference; fileEncoding = 4; lastKnownFileType = sourcecode.c.h; path = AppConfig.h; sourceTree = "<group>"; };
		14ADBF361E9B835100D9466F /* UIImage+Extension.h */ = {isa = PBXFileReference; fileEncoding = 4; lastKnownFileType = sourcecode.c.h; path = "UIImage+Extension.h"; sourceTree = "<group>"; };
		14ADBF371E9B835100D9466F /* UIImage+Extension.m */ = {isa = PBXFileReference; fileEncoding = 4; lastKnownFileType = sourcecode.c.objc; path = "UIImage+Extension.m"; sourceTree = "<group>"; };
		14ADBF391E9B84FC00D9466F /* UITabBar+Badge.h */ = {isa = PBXFileReference; fileEncoding = 4; lastKnownFileType = sourcecode.c.h; path = "UITabBar+Badge.h"; sourceTree = "<group>"; };
		14ADBF3A1E9B84FC00D9466F /* UITabBar+Badge.m */ = {isa = PBXFileReference; fileEncoding = 4; lastKnownFileType = sourcecode.c.objc; path = "UITabBar+Badge.m"; sourceTree = "<group>"; };
		14ADBF501E9B87E100D9466F /* TabBarConfigure.plist */ = {isa = PBXFileReference; fileEncoding = 4; lastKnownFileType = text.plist.xml; path = TabBarConfigure.plist; sourceTree = "<group>"; };
		24B152B78513ABC07A06AD8F /* Pods-Common.debug.xcconfig */ = {isa = PBXFileReference; includeInIndex = 1; lastKnownFileType = text.xcconfig; name = "Pods-Common.debug.xcconfig"; path = "Pods/Target Support Files/Pods-Common/Pods-Common.debug.xcconfig"; sourceTree = "<group>"; };
		2C11EF6F8EEA27936741FBB8 /* libPods-Common.a */ = {isa = PBXFileReference; explicitFileType = archive.ar; includeInIndex = 0; path = "libPods-Common.a"; sourceTree = BUILT_PRODUCTS_DIR; };
		7CA34A6D1E88EF430043159B /* Common.app */ = {isa = PBXFileReference; explicitFileType = wrapper.application; includeInIndex = 0; path = Common.app; sourceTree = BUILT_PRODUCTS_DIR; };
		7CA34A711E88EF430043159B /* main.m */ = {isa = PBXFileReference; lastKnownFileType = sourcecode.c.objc; path = main.m; sourceTree = "<group>"; };
		7CA34A7A1E88EF430043159B /* Base */ = {isa = PBXFileReference; lastKnownFileType = file.storyboard; name = Base; path = Base.lproj/Main.storyboard; sourceTree = "<group>"; };
		7CA34A7C1E88EF430043159B /* Assets.xcassets */ = {isa = PBXFileReference; lastKnownFileType = folder.assetcatalog; path = Assets.xcassets; sourceTree = "<group>"; };
		7CA34A7F1E88EF430043159B /* Base */ = {isa = PBXFileReference; lastKnownFileType = file.storyboard; name = Base; path = Base.lproj/LaunchScreen.storyboard; sourceTree = "<group>"; };
		7CA34A811E88EF430043159B /* Info.plist */ = {isa = PBXFileReference; lastKnownFileType = text.plist.xml; path = Info.plist; sourceTree = "<group>"; };
		7CA34A861E88EF430043159B /* CommonTests.xctest */ = {isa = PBXFileReference; explicitFileType = wrapper.cfbundle; includeInIndex = 0; path = CommonTests.xctest; sourceTree = BUILT_PRODUCTS_DIR; };
		7CA34A8A1E88EF430043159B /* CommonTests.m */ = {isa = PBXFileReference; lastKnownFileType = sourcecode.c.objc; path = CommonTests.m; sourceTree = "<group>"; };
		7CA34A8C1E88EF430043159B /* Info.plist */ = {isa = PBXFileReference; lastKnownFileType = text.plist.xml; path = Info.plist; sourceTree = "<group>"; };
		7CA34A911E88EF430043159B /* CommonUITests.xctest */ = {isa = PBXFileReference; explicitFileType = wrapper.cfbundle; includeInIndex = 0; path = CommonUITests.xctest; sourceTree = BUILT_PRODUCTS_DIR; };
		7CA34A951E88EF430043159B /* CommonUITests.m */ = {isa = PBXFileReference; lastKnownFileType = sourcecode.c.objc; path = CommonUITests.m; sourceTree = "<group>"; };
		7CA34A971E88EF430043159B /* Info.plist */ = {isa = PBXFileReference; lastKnownFileType = text.plist.xml; path = Info.plist; sourceTree = "<group>"; };
		F4000A11C6D634D7B2DC45F1 /* Pods-Common.release.xcconfig */ = {isa = PBXFileReference; includeInIndex = 1; lastKnownFileType = text.xcconfig; name = "Pods-Common.release.xcconfig"; path = "Pods/Target Support Files/Pods-Common/Pods-Common.release.xcconfig"; sourceTree = "<group>"; };
/* End PBXFileReference section */

/* Begin PBXFrameworksBuildPhase section */
		7CA34A6A1E88EF430043159B /* Frameworks */ = {
			isa = PBXFrameworksBuildPhase;
			buildActionMask = 2147483647;
			files = (
				0A0A3031BD27FFC4C0A141C8 /* libPods-Common.a in Frameworks */,
			);
			runOnlyForDeploymentPostprocessing = 0;
		};
		7CA34A831E88EF430043159B /* Frameworks */ = {
			isa = PBXFrameworksBuildPhase;
			buildActionMask = 2147483647;
			files = (
			);
			runOnlyForDeploymentPostprocessing = 0;
		};
		7CA34A8E1E88EF430043159B /* Frameworks */ = {
			isa = PBXFrameworksBuildPhase;
			buildActionMask = 2147483647;
			files = (
			);
			runOnlyForDeploymentPostprocessing = 0;
		};
/* End PBXFrameworksBuildPhase section */

/* Begin PBXGroup section */
		1412080B215259F0009E213E /* category */ = {
			isa = PBXGroup;
			children = (
				1412080F215259F0009E213E /* CategoryModel.h */,
				14120813215259F0009E213E /* CategoryModel.m */,
				14120810215259F0009E213E /* CategoryHomeShowAppCell.h */,
				14120816215259F0009E213E /* CategoryHomeShowAppCell.m */,
				1412080C215259F0009E213E /* CategoryHomeShowAppCell.xib */,
				14120812215259F0009E213E /* CollectionReusableHeaderView.h */,
				1412080D215259F0009E213E /* CollectionReusableHeaderView.m */,
				14120815215259F0009E213E /* CollectionReusableHeaderView.xib */,
				1412080E215259F0009E213E /* CollectionReusableFooterView.h */,
				14120814215259F0009E213E /* CollectionReusableFooterView.m */,
				14120811215259F0009E213E /* CollectionReusableFooterView.xib */,
			);
			path = category;
			sourceTree = "<group>";
		};
		144DE0702140CFC4007A03DB /* TitleImageBtn */ = {
			isa = PBXGroup;
			children = (
				144DE0712140CFC4007A03DB /* TitleImageBtn.m */,
				144DE0722140CFC4007A03DB /* TitleImageBtn.h */,
			);
			path = TitleImageBtn;
			sourceTree = "<group>";
		};
		144DE0742140D645007A03DB /* Menu */ = {
			isa = PBXGroup;
			children = (
				144DE07F2140D713007A03DB /* 1.png */,
				144DE0752140D645007A03DB /* life_reduce.png */,
				144DE0762140D645007A03DB /* life_add.png */,
				144DE0772140D645007A03DB /* life_exist.png */,
				144DE0782140D645007A03DB /* 2.png */,
			);
			path = Menu;
			sourceTree = "<group>";
		};
		144E35C3213FCD21003F9C7B /* TabBar */ = {
			isa = PBXGroup;
			children = (
				144E35CC213FCDB5003F9C7B /* mine@2x.png */,
				144E35D6213FCEEC003F9C7B /* mine@3x.png */,
				144E35C6213FCD21003F9C7B /* ico_home_normal@3x.png */,
				144E35C7213FCD21003F9C7B /* ico_home_normal@2x.png */,
				144E35CE213FCE5D003F9C7B /* target@2x.png */,
				144E35CF213FCE5E003F9C7B /* target@3x.png */,
				144E35D2213FCED2003F9C7B /* heart@2x.png */,
				144E35D3213FCED2003F9C7B /* heart@3x.png */,
			);
			path = TabBar;
			sourceTree = "<group>";
		};
		1459B72B2142010C00B5DE72 /* Images */ = {
			isa = PBXGroup;
			children = (
				1459B72C2142010C00B5DE72 /* 3-selected@2x.png */,
				1459B72D2142010C00B5DE72 /* 4-selected@2x.png */,
				1459B72E2142010C00B5DE72 /* 1@2x.png */,
				1459B72F2142010C00B5DE72 /* 3@2x.png */,
				1459B7302142010C00B5DE72 /* 1-selected.png */,
				1459B7312142010C00B5DE72 /* 2-selected@2x.png */,
				1459B7322142010C00B5DE72 /* 3-selected.png */,
				1459B7332142010C00B5DE72 /* 4-selected.png */,
				1459B7342142010C00B5DE72 /* 2-selected.png */,
				1459B7352142010C00B5DE72 /* 4@2x.png */,
				1459B7362142010C00B5DE72 /* 4.png */,
				1459B7372142010C00B5DE72 /* 1-selected@2x.png */,
				1459B7382142010C00B5DE72 /* 2.png */,
				1459B7392142010C00B5DE72 /* 3.png */,
				1459B73A2142010C00B5DE72 /* 1.png */,
				1459B73B2142010C00B5DE72 /* 2@2x.png */,
			);
			path = Images;
			sourceTree = "<group>";
		};
		148A3D761E890B6F00930AB0 /* AppDelegate */ = {
			isa = PBXGroup;
			children = (
				148A3D911E890BBB00930AB0 /* AppDelegate.h */,
				148A3D921E890BBB00930AB0 /* AppDelegate.m */,
			);
			path = AppDelegate;
			sourceTree = "<group>";
		};
		148A3D771E890B6F00930AB0 /* Base */ = {
			isa = PBXGroup;
			children = (
				144E35D8213FE7A6003F9C7B /* BaseNavigationViewController.h */,
				144E35D9213FE7A6003F9C7B /* BaseNavigationViewController.m */,
				144E35A2213F69CD003F9C7B /* BaseTabBarViewController.h */,
				144E35A3213F69CD003F9C7B /* BaseTabBarViewController.m */,
			);
			path = Base;
			sourceTree = "<group>";
		};
		148A3D781E890B6F00930AB0 /* Macros */ = {
			isa = PBXGroup;
			children = (
				14ADBF2D1E9B81BF00D9466F /* PublicDefine.h */,
				14ADBF2E1E9B821900D9466F /* AppConfig.h */,
			);
			path = Macros;
			sourceTree = "<group>";
		};
		148A3D791E890B6F00930AB0 /* Public */ = {
			isa = PBXGroup;
			children = (
				14ADBF351E9B833F00D9466F /* Extension */,
			);
			path = Public;
			sourceTree = "<group>";
		};
		148A3D7A1E890B6F00930AB0 /* Resources */ = {
			isa = PBXGroup;
			children = (
				1459B72B2142010C00B5DE72 /* Images */,
				144DE0742140D645007A03DB /* Menu */,
				144E35C3213FCD21003F9C7B /* TabBar */,
				148F0C8D1E9C717100181353 /* Nav */,
			);
			path = Resources;
			sourceTree = "<group>";
		};
		148A3D7B1E890B6F00930AB0 /* Sections */ = {
			isa = PBXGroup;
			children = (
				148A3D7C1E890B6F00930AB0 /* FirstPage */,
				148A3D861E890B6F00930AB0 /* SecondPage */,
				148A3D8B1E890B6F00930AB0 /* ThirdPage */,
			);
			path = Sections;
			sourceTree = "<group>";
		};
		148A3D7C1E890B6F00930AB0 /* FirstPage */ = {
			isa = PBXGroup;
			children = (
				148A3D7D1E890B6F00930AB0 /* Controller */,
				148A3D7E1E890B6F00930AB0 /* Model */,
				148A3D7F1E890B6F00930AB0 /* Other */,
				148A3D801E890B6F00930AB0 /* View */,
			);
			path = FirstPage;
			sourceTree = "<group>";
		};
		148A3D7D1E890B6F00930AB0 /* Controller */ = {
			isa = PBXGroup;
			children = (
				144DE01C2140BB8F007A03DB /* HomeViewController.h */,
				144DE01D2140BB8F007A03DB /* HomeViewController.m */,
			);
			path = Controller;
			sourceTree = "<group>";
		};
		148A3D7E1E890B6F00930AB0 /* Model */ = {
			isa = PBXGroup;
			children = (
			);
			path = Model;
			sourceTree = "<group>";
		};
		148A3D7F1E890B6F00930AB0 /* Other */ = {
			isa = PBXGroup;
			children = (
			);
			path = Other;
			sourceTree = "<group>";
		};
		148A3D801E890B6F00930AB0 /* View */ = {
			isa = PBXGroup;
			children = (
			);
			path = View;
			sourceTree = "<group>";
		};
		148A3D861E890B6F00930AB0 /* SecondPage */ = {
			isa = PBXGroup;
			children = (
				148A3D871E890B6F00930AB0 /* Controller */,
				148A3D881E890B6F00930AB0 /* Model */,
				148A3D891E890B6F00930AB0 /* Other */,
				148A3D8A1E890B6F00930AB0 /* View */,
			);
			path = SecondPage;
			sourceTree = "<group>";
		};
		148A3D871E890B6F00930AB0 /* Controller */ = {
			isa = PBXGroup;
			children = (
				14120808215258C5009E213E /* MenuViewController.h */,
				14120809215258C5009E213E /* MenuViewController.m */,
			);
			path = Controller;
			sourceTree = "<group>";
		};
		148A3D881E890B6F00930AB0 /* Model */ = {
			isa = PBXGroup;
			children = (
			);
			path = Model;
			sourceTree = "<group>";
		};
		148A3D891E890B6F00930AB0 /* Other */ = {
			isa = PBXGroup;
			children = (
				1412080B215259F0009E213E /* category */,
			);
			path = Other;
			sourceTree = "<group>";
		};
		148A3D8A1E890B6F00930AB0 /* View */ = {
			isa = PBXGroup;
			children = (
			);
			path = View;
			sourceTree = "<group>";
		};
		148A3D8B1E890B6F00930AB0 /* ThirdPage */ = {
			isa = PBXGroup;
			children = (
				148A3D8C1E890B6F00930AB0 /* Controller */,
				148A3D8D1E890B6F00930AB0 /* Model */,
				148A3D8E1E890B6F00930AB0 /* Other */,
				148A3D8F1E890B6F00930AB0 /* View */,
			);
			path = ThirdPage;
			sourceTree = "<group>";
		};
		148A3D8C1E890B6F00930AB0 /* Controller */ = {
			isa = PBXGroup;
			children = (
				1412081E21525AA5009E213E /* ComprehensiveViewController.h */,
				1412081F21525AA5009E213E /* ComprehensiveViewController.m */,
			);
			path = Controller;
			sourceTree = "<group>";
		};
		148A3D8D1E890B6F00930AB0 /* Model */ = {
			isa = PBXGroup;
			children = (
			);
			path = Model;
			sourceTree = "<group>";
		};
		148A3D8E1E890B6F00930AB0 /* Other */ = {
			isa = PBXGroup;
			children = (
			);
			path = Other;
			sourceTree = "<group>";
		};
		148A3D8F1E890B6F00930AB0 /* View */ = {
			isa = PBXGroup;
			children = (
			);
			path = View;
			sourceTree = "<group>";
		};
		148A3D901E890B6F00930AB0 /* Vender */ = {
			isa = PBXGroup;
			children = (
				144DE0702140CFC4007A03DB /* TitleImageBtn */,
			);
			path = Vender;
			sourceTree = "<group>";
		};
		148F0C8D1E9C717100181353 /* Nav */ = {
			isa = PBXGroup;
			children = (
				144E35B3213FBF48003F9C7B /* back_icon@2x.png */,
				144E35B1213FBF48003F9C7B /* back_icon@3x.png */,
				144E35B4213FBF48003F9C7B /* close_icon@2x.png */,
				144E35B2213FBF48003F9C7B /* close_icon@3x.png */,
			);
			path = Nav;
			sourceTree = "<group>";
		};
		14ADBF351E9B833F00D9466F /* Extension */ = {
			isa = PBXGroup;
			children = (
				144DE06D2140CFA1007A03DB /* UIView+LoadNib.h */,
				144DE06E2140CFA1007A03DB /* UIView+LoadNib.m */,
				14ADBF391E9B84FC00D9466F /* UITabBar+Badge.h */,
				14ADBF3A1E9B84FC00D9466F /* UITabBar+Badge.m */,
				14ADBF361E9B835100D9466F /* UIImage+Extension.h */,
				14ADBF371E9B835100D9466F /* UIImage+Extension.m */,
				148F0CE61E9C8BEE00181353 /* NSString+Extension.h */,
				148F0CE71E9C8BEE00181353 /* NSString+Extension.m */,
			);
			path = Extension;
			sourceTree = "<group>";
		};
		3478520EA33CC772AAA23EF5 /* Pods */ = {
			isa = PBXGroup;
			children = (
				24B152B78513ABC07A06AD8F /* Pods-Common.debug.xcconfig */,
				F4000A11C6D634D7B2DC45F1 /* Pods-Common.release.xcconfig */,
			);
			name = Pods;
			sourceTree = "<group>";
		};
		45D48F1F40B9C8AD8CF54F06 /* Frameworks */ = {
			isa = PBXGroup;
			children = (
				2C11EF6F8EEA27936741FBB8 /* libPods-Common.a */,
			);
			name = Frameworks;
			sourceTree = "<group>";
		};
		7CA34A641E88EF430043159B = {
			isa = PBXGroup;
			children = (
				7CA34A6F1E88EF430043159B /* Common */,
				7CA34A891E88EF430043159B /* CommonTests */,
				7CA34A941E88EF430043159B /* CommonUITests */,
				7CA34A6E1E88EF430043159B /* Products */,
				3478520EA33CC772AAA23EF5 /* Pods */,
				45D48F1F40B9C8AD8CF54F06 /* Frameworks */,
			);
			sourceTree = "<group>";
		};
		7CA34A6E1E88EF430043159B /* Products */ = {
			isa = PBXGroup;
			children = (
				7CA34A6D1E88EF430043159B /* Common.app */,
				7CA34A861E88EF430043159B /* CommonTests.xctest */,
				7CA34A911E88EF430043159B /* CommonUITests.xctest */,
			);
			name = Products;
			sourceTree = "<group>";
		};
		7CA34A6F1E88EF430043159B /* Common */ = {
			isa = PBXGroup;
			children = (
				148A3D761E890B6F00930AB0 /* AppDelegate */,
				148A3D771E890B6F00930AB0 /* Base */,
				148A3D781E890B6F00930AB0 /* Macros */,
				148A3D791E890B6F00930AB0 /* Public */,
				148A3D7A1E890B6F00930AB0 /* Resources */,
				148A3D7B1E890B6F00930AB0 /* Sections */,
				148A3D901E890B6F00930AB0 /* Vender */,
				7CA34A791E88EF430043159B /* Main.storyboard */,
				7CA34A7C1E88EF430043159B /* Assets.xcassets */,
				7CA34A7E1E88EF430043159B /* LaunchScreen.storyboard */,
				7CA34A811E88EF430043159B /* Info.plist */,
				14ADBF501E9B87E100D9466F /* TabBarConfigure.plist */,
				148F0CE91E9CB9D700181353 /* PrefixHeader.pch */,
				7CA34A701E88EF430043159B /* Supporting Files */,
			);
			path = Common;
			sourceTree = "<group>";
		};
		7CA34A701E88EF430043159B /* Supporting Files */ = {
			isa = PBXGroup;
			children = (
				7CA34A711E88EF430043159B /* main.m */,
			);
			name = "Supporting Files";
			sourceTree = "<group>";
		};
		7CA34A891E88EF430043159B /* CommonTests */ = {
			isa = PBXGroup;
			children = (
				7CA34A8A1E88EF430043159B /* CommonTests.m */,
				7CA34A8C1E88EF430043159B /* Info.plist */,
			);
			path = CommonTests;
			sourceTree = "<group>";
		};
		7CA34A941E88EF430043159B /* CommonUITests */ = {
			isa = PBXGroup;
			children = (
				7CA34A951E88EF430043159B /* CommonUITests.m */,
				7CA34A971E88EF430043159B /* Info.plist */,
			);
			path = CommonUITests;
			sourceTree = "<group>";
		};
/* End PBXGroup section */

/* Begin PBXNativeTarget section */
		7CA34A6C1E88EF430043159B /* Common */ = {
			isa = PBXNativeTarget;
			buildConfigurationList = 7CA34A9A1E88EF430043159B /* Build configuration list for PBXNativeTarget "Common" */;
			buildPhases = (
				45B6A5EF890B68F34637A24B /* [CP] Check Pods Manifest.lock */,
				7CA34A691E88EF430043159B /* Sources */,
				7CA34A6A1E88EF430043159B /* Frameworks */,
				7CA34A6B1E88EF430043159B /* Resources */,
				96EE823EFC94098B4EE50785 /* [CP] Copy Pods Resources */,
			);
			buildRules = (
			);
			dependencies = (
			);
			name = Common;
			productName = Common;
			productReference = 7CA34A6D1E88EF430043159B /* Common.app */;
			productType = "com.apple.product-type.application";
		};
		7CA34A851E88EF430043159B /* CommonTests */ = {
			isa = PBXNativeTarget;
			buildConfigurationList = 7CA34A9D1E88EF430043159B /* Build configuration list for PBXNativeTarget "CommonTests" */;
			buildPhases = (
				7CA34A821E88EF430043159B /* Sources */,
				7CA34A831E88EF430043159B /* Frameworks */,
				7CA34A841E88EF430043159B /* Resources */,
			);
			buildRules = (
			);
			dependencies = (
				7CA34A881E88EF430043159B /* PBXTargetDependency */,
			);
			name = CommonTests;
			productName = CommonTests;
			productReference = 7CA34A861E88EF430043159B /* CommonTests.xctest */;
			productType = "com.apple.product-type.bundle.unit-test";
		};
		7CA34A901E88EF430043159B /* CommonUITests */ = {
			isa = PBXNativeTarget;
			buildConfigurationList = 7CA34AA01E88EF430043159B /* Build configuration list for PBXNativeTarget "CommonUITests" */;
			buildPhases = (
				7CA34A8D1E88EF430043159B /* Sources */,
				7CA34A8E1E88EF430043159B /* Frameworks */,
				7CA34A8F1E88EF430043159B /* Resources */,
			);
			buildRules = (
			);
			dependencies = (
				7CA34A931E88EF430043159B /* PBXTargetDependency */,
			);
			name = CommonUITests;
			productName = CommonUITests;
			productReference = 7CA34A911E88EF430043159B /* CommonUITests.xctest */;
			productType = "com.apple.product-type.bundle.ui-testing";
		};
/* End PBXNativeTarget section */

/* Begin PBXProject section */
		7CA34A651E88EF430043159B /* Project object */ = {
			isa = PBXProject;
			attributes = {
				CLASSPREFIX = "";
				LastUpgradeCheck = 0940;
				ORGANIZATIONNAME = "河南航天金穗电子有限公司";
				TargetAttributes = {
					7CA34A6C1E88EF430043159B = {
						CreatedOnToolsVersion = 8.2.1;
						DevelopmentTeam = 64XD5N6K79;
						ProvisioningStyle = Automatic;
					};
					7CA34A851E88EF430043159B = {
						CreatedOnToolsVersion = 8.2.1;
						DevelopmentTeam = 64XD5N6K79;
						ProvisioningStyle = Automatic;
						TestTargetID = 7CA34A6C1E88EF430043159B;
					};
					7CA34A901E88EF430043159B = {
						CreatedOnToolsVersion = 8.2.1;
						DevelopmentTeam = 64XD5N6K79;
						ProvisioningStyle = Automatic;
						TestTargetID = 7CA34A6C1E88EF430043159B;
					};
				};
			};
			buildConfigurationList = 7CA34A681E88EF430043159B /* Build configuration list for PBXProject "Common" */;
			compatibilityVersion = "Xcode 3.2";
			developmentRegion = English;
			hasScannedForEncodings = 0;
			knownRegions = (
				en,
				Base,
			);
			mainGroup = 7CA34A641E88EF430043159B;
			productRefGroup = 7CA34A6E1E88EF430043159B /* Products */;
			projectDirPath = "";
			projectRoot = "";
			targets = (
				7CA34A6C1E88EF430043159B /* Common */,
				7CA34A851E88EF430043159B /* CommonTests */,
				7CA34A901E88EF430043159B /* CommonUITests */,
			);
		};
/* End PBXProject section */

/* Begin PBXResourcesBuildPhase section */
		7CA34A6B1E88EF430043159B /* Resources */ = {
			isa = PBXResourcesBuildPhase;
			buildActionMask = 2147483647;
			files = (
				144DE07B2140D646007A03DB /* life_add.png in Resources */,
				7CA34A801E88EF430043159B /* LaunchScreen.storyboard in Resources */,
				1459B7422142010D00B5DE72 /* 3-selected.png in Resources */,
				1459B7462142010D00B5DE72 /* 4.png in Resources */,
				1459B7482142010D00B5DE72 /* 2.png in Resources */,
				14120819215259F0009E213E /* CollectionReusableFooterView.xib in Resources */,
				144E35D0213FCE5E003F9C7B /* target@2x.png in Resources */,
				144DE07C2140D646007A03DB /* life_exist.png in Resources */,
				14120817215259F0009E213E /* CategoryHomeShowAppCell.xib in Resources */,
				144E35D7213FCEEC003F9C7B /* mine@3x.png in Resources */,
				1459B7442142010D00B5DE72 /* 2-selected.png in Resources */,
				7CA34A7D1E88EF430043159B /* Assets.xcassets in Resources */,
				14ADBF511E9B87E100D9466F /* TabBarConfigure.plist in Resources */,
				1459B73D2142010D00B5DE72 /* 4-selected@2x.png in Resources */,
				1459B73C2142010D00B5DE72 /* 3-selected@2x.png in Resources */,
				144E35B7213FBF48003F9C7B /* back_icon@2x.png in Resources */,
				1412081C215259F0009E213E /* CollectionReusableHeaderView.xib in Resources */,
				7CA34A7B1E88EF430043159B /* Main.storyboard in Resources */,
				144DE07A2140D646007A03DB /* life_reduce.png in Resources */,
				1459B7432142010D00B5DE72 /* 4-selected.png in Resources */,
				1459B74B2142010D00B5DE72 /* 2@2x.png in Resources */,
				1459B74A2142010D00B5DE72 /* 1.png in Resources */,
				1459B7412142010D00B5DE72 /* 2-selected@2x.png in Resources */,
				144DE0802140D713007A03DB /* 1.png in Resources */,
				144E35B5213FBF48003F9C7B /* back_icon@3x.png in Resources */,
				144DE07D2140D646007A03DB /* 2.png in Resources */,
				144E35CA213FCD21003F9C7B /* ico_home_normal@3x.png in Resources */,
				144E35B8213FBF48003F9C7B /* close_icon@2x.png in Resources */,
				144E35D1213FCE5E003F9C7B /* target@3x.png in Resources */,
				144E35CB213FCD21003F9C7B /* ico_home_normal@2x.png in Resources */,
				1459B73F2142010D00B5DE72 /* 3@2x.png in Resources */,
				1459B7452142010D00B5DE72 /* 4@2x.png in Resources */,
				144E35D4213FCED2003F9C7B /* heart@2x.png in Resources */,
				1459B7492142010D00B5DE72 /* 3.png in Resources */,
				144E35D5213FCED2003F9C7B /* heart@3x.png in Resources */,
				1459B7402142010D00B5DE72 /* 1-selected.png in Resources */,
				144E35CD213FCDB5003F9C7B /* mine@2x.png in Resources */,
				1459B7472142010D00B5DE72 /* 1-selected@2x.png in Resources */,
				1459B73E2142010D00B5DE72 /* 1@2x.png in Resources */,
				144E35B6213FBF48003F9C7B /* close_icon@3x.png in Resources */,
			);
			runOnlyForDeploymentPostprocessing = 0;
		};
		7CA34A841E88EF430043159B /* Resources */ = {
			isa = PBXResourcesBuildPhase;
			buildActionMask = 2147483647;
			files = (
			);
			runOnlyForDeploymentPostprocessing = 0;
		};
		7CA34A8F1E88EF430043159B /* Resources */ = {
			isa = PBXResourcesBuildPhase;
			buildActionMask = 2147483647;
			files = (
			);
			runOnlyForDeploymentPostprocessing = 0;
		};
/* End PBXResourcesBuildPhase section */

/* Begin PBXShellScriptBuildPhase section */
		45B6A5EF890B68F34637A24B /* [CP] Check Pods Manifest.lock */ = {
			isa = PBXShellScriptBuildPhase;
			buildActionMask = 2147483647;
			files = (
			);
			inputPaths = (
				"${PODS_PODFILE_DIR_PATH}/Podfile.lock",
				"${PODS_ROOT}/Manifest.lock",
			);
			name = "[CP] Check Pods Manifest.lock";
			outputPaths = (
				"$(DERIVED_FILE_DIR)/Pods-Common-checkManifestLockResult.txt",
			);
			runOnlyForDeploymentPostprocessing = 0;
			shellPath = /bin/sh;
			shellScript = "diff \"${PODS_PODFILE_DIR_PATH}/Podfile.lock\" \"${PODS_ROOT}/Manifest.lock\" > /dev/null\nif [ $? != 0 ] ; then\n    # print error to STDERR\n    echo \"error: The sandbox is not in sync with the Podfile.lock. Run 'pod install' or update your CocoaPods installation.\" >&2\n    exit 1\nfi\n# This output is used by Xcode 'outputs' to avoid re-running this script phase.\necho \"SUCCESS\" > \"${SCRIPT_OUTPUT_FILE_0}\"\n";
			showEnvVarsInLog = 0;
		};
		96EE823EFC94098B4EE50785 /* [CP] Copy Pods Resources */ = {
			isa = PBXShellScriptBuildPhase;
			buildActionMask = 2147483647;
			files = (
			);
			inputPaths = (
				"${SRCROOT}/Pods/Target Support Files/Pods-Common/Pods-Common-resources.sh",
				"${PODS_ROOT}/MJRefresh/MJRefresh/MJRefresh.bundle",
			);
			name = "[CP] Copy Pods Resources";
			outputPaths = (
				"${TARGET_BUILD_DIR}/${UNLOCALIZED_RESOURCES_FOLDER_PATH}/MJRefresh.bundle",
			);
			runOnlyForDeploymentPostprocessing = 0;
			shellPath = /bin/sh;
			shellScript = "\"${SRCROOT}/Pods/Target Support Files/Pods-Common/Pods-Common-resources.sh\"\n";
			showEnvVarsInLog = 0;
		};
/* End PBXShellScriptBuildPhase section */

/* Begin PBXSourcesBuildPhase section */
		7CA34A691E88EF430043159B /* Sources */ = {
			isa = PBXSourcesBuildPhase;
			buildActionMask = 2147483647;
			files = (
				144E35DA213FE7A6003F9C7B /* BaseNavigationViewController.m in Sources */,
				1412080A215258C5009E213E /* MenuViewController.m in Sources */,
				144DE06F2140CFA1007A03DB /* UIView+LoadNib.m in Sources */,
				14ADBF381E9B835100D9466F /* UIImage+Extension.m in Sources */,
				1412081A215259F0009E213E /* CategoryModel.m in Sources */,
				14120818215259F0009E213E /* CollectionReusableHeaderView.m in Sources */,
				148F0CE81E9C8BEE00181353 /* NSString+Extension.m in Sources */,
				1412081D215259F0009E213E /* CategoryHomeShowAppCell.m in Sources */,
				14ADBF3B1E9B84FC00D9466F /* UITabBar+Badge.m in Sources */,
				7CA34A721E88EF430043159B /* main.m in Sources */,
				144DE0732140CFC4007A03DB /* TitleImageBtn.m in Sources */,
				144E35A4213F69CD003F9C7B /* BaseTabBarViewController.m in Sources */,
				148A3D931E890BBB00930AB0 /* AppDelegate.m in Sources */,
				1412081B215259F0009E213E /* CollectionReusableFooterView.m in Sources */,
				144DE01E2140BB8F007A03DB /* HomeViewController.m in Sources */,
				1412082021525AA5009E213E /* ComprehensiveViewController.m in Sources */,
			);
			runOnlyForDeploymentPostprocessing = 0;
		};
		7CA34A821E88EF430043159B /* Sources */ = {
			isa = PBXSourcesBuildPhase;
			buildActionMask = 2147483647;
			files = (
				7CA34A8B1E88EF430043159B /* CommonTests.m in Sources */,
			);
			runOnlyForDeploymentPostprocessing = 0;
		};
		7CA34A8D1E88EF430043159B /* Sources */ = {
			isa = PBXSourcesBuildPhase;
			buildActionMask = 2147483647;
			files = (
				7CA34A961E88EF430043159B /* CommonUITests.m in Sources */,
			);
			runOnlyForDeploymentPostprocessing = 0;
		};
/* End PBXSourcesBuildPhase section */

/* Begin PBXTargetDependency section */
		7CA34A881E88EF430043159B /* PBXTargetDependency */ = {
			isa = PBXTargetDependency;
			target = 7CA34A6C1E88EF430043159B /* Common */;
			targetProxy = 7CA34A871E88EF430043159B /* PBXContainerItemProxy */;
		};
		7CA34A931E88EF430043159B /* PBXTargetDependency */ = {
			isa = PBXTargetDependency;
			target = 7CA34A6C1E88EF430043159B /* Common */;
			targetProxy = 7CA34A921E88EF430043159B /* PBXContainerItemProxy */;
		};
/* End PBXTargetDependency section */

/* Begin PBXVariantGroup section */
		7CA34A791E88EF430043159B /* Main.storyboard */ = {
			isa = PBXVariantGroup;
			children = (
				7CA34A7A1E88EF430043159B /* Base */,
			);
			name = Main.storyboard;
			sourceTree = "<group>";
		};
		7CA34A7E1E88EF430043159B /* LaunchScreen.storyboard */ = {
			isa = PBXVariantGroup;
			children = (
				7CA34A7F1E88EF430043159B /* Base */,
			);
			name = LaunchScreen.storyboard;
			sourceTree = "<group>";
		};
/* End PBXVariantGroup section */

/* Begin XCBuildConfiguration section */
		7CA34A981E88EF430043159B /* Debug */ = {
			isa = XCBuildConfiguration;
			buildSettings = {
				ALWAYS_SEARCH_USER_PATHS = NO;
				CLANG_ANALYZER_NONNULL = YES;
				CLANG_CXX_LANGUAGE_STANDARD = "gnu++0x";
				CLANG_CXX_LIBRARY = "libc++";
				CLANG_ENABLE_MODULES = YES;
				CLANG_ENABLE_OBJC_ARC = YES;
				CLANG_WARN_BLOCK_CAPTURE_AUTORELEASING = YES;
				CLANG_WARN_BOOL_CONVERSION = YES;
				CLANG_WARN_COMMA = YES;
				CLANG_WARN_CONSTANT_CONVERSION = YES;
				CLANG_WARN_DEPRECATED_OBJC_IMPLEMENTATIONS = YES;
				CLANG_WARN_DIRECT_OBJC_ISA_USAGE = YES_ERROR;
				CLANG_WARN_DOCUMENTATION_COMMENTS = YES;
				CLANG_WARN_EMPTY_BODY = YES;
				CLANG_WARN_ENUM_CONVERSION = YES;
				CLANG_WARN_INFINITE_RECURSION = YES;
				CLANG_WARN_INT_CONVERSION = YES;
				CLANG_WARN_NON_LITERAL_NULL_CONVERSION = YES;
				CLANG_WARN_OBJC_IMPLICIT_RETAIN_SELF = YES;
				CLANG_WARN_OBJC_LITERAL_CONVERSION = YES;
				CLANG_WARN_OBJC_ROOT_CLASS = YES_ERROR;
				CLANG_WARN_RANGE_LOOP_ANALYSIS = YES;
				CLANG_WARN_STRICT_PROTOTYPES = YES;
				CLANG_WARN_SUSPICIOUS_MOVE = YES;
				CLANG_WARN_UNREACHABLE_CODE = YES;
				CLANG_WARN__DUPLICATE_METHOD_MATCH = YES;
				"CODE_SIGN_IDENTITY[sdk=iphoneos*]" = "iPhone Developer";
				COPY_PHASE_STRIP = NO;
				DEBUG_INFORMATION_FORMAT = dwarf;
				ENABLE_STRICT_OBJC_MSGSEND = YES;
				ENABLE_TESTABILITY = YES;
				GCC_C_LANGUAGE_STANDARD = gnu99;
				GCC_DYNAMIC_NO_PIC = NO;
				GCC_NO_COMMON_BLOCKS = YES;
				GCC_OPTIMIZATION_LEVEL = 0;
				GCC_PREPROCESSOR_DEFINITIONS = (
					"DEBUG=1",
					"$(inherited)",
				);
				GCC_WARN_64_TO_32_BIT_CONVERSION = YES;
				GCC_WARN_ABOUT_RETURN_TYPE = YES_ERROR;
				GCC_WARN_UNDECLARED_SELECTOR = YES;
				GCC_WARN_UNINITIALIZED_AUTOS = YES_AGGRESSIVE;
				GCC_WARN_UNUSED_FUNCTION = YES;
				GCC_WARN_UNUSED_VARIABLE = YES;
				IPHONEOS_DEPLOYMENT_TARGET = 8.0;
				MTL_ENABLE_DEBUG_INFO = YES;
				ONLY_ACTIVE_ARCH = YES;
				SDKROOT = iphoneos;
			};
			name = Debug;
		};
		7CA34A991E88EF430043159B /* Release */ = {
			isa = XCBuildConfiguration;
			buildSettings = {
				ALWAYS_SEARCH_USER_PATHS = NO;
				CLANG_ANALYZER_NONNULL = YES;
				CLANG_CXX_LANGUAGE_STANDARD = "gnu++0x";
				CLANG_CXX_LIBRARY = "libc++";
				CLANG_ENABLE_MODULES = YES;
				CLANG_ENABLE_OBJC_ARC = YES;
				CLANG_WARN_BLOCK_CAPTURE_AUTORELEASING = YES;
				CLANG_WARN_BOOL_CONVERSION = YES;
				CLANG_WARN_COMMA = YES;
				CLANG_WARN_CONSTANT_CONVERSION = YES;
				CLANG_WARN_DEPRECATED_OBJC_IMPLEMENTATIONS = YES;
				CLANG_WARN_DIRECT_OBJC_ISA_USAGE = YES_ERROR;
				CLANG_WARN_DOCUMENTATION_COMMENTS = YES;
				CLANG_WARN_EMPTY_BODY = YES;
				CLANG_WARN_ENUM_CONVERSION = YES;
				CLANG_WARN_INFINITE_RECURSION = YES;
				CLANG_WARN_INT_CONVERSION = YES;
				CLANG_WARN_NON_LITERAL_NULL_CONVERSION = YES;
				CLANG_WARN_OBJC_IMPLICIT_RETAIN_SELF = YES;
				CLANG_WARN_OBJC_LITERAL_CONVERSION = YES;
				CLANG_WARN_OBJC_ROOT_CLASS = YES_ERROR;
				CLANG_WARN_RANGE_LOOP_ANALYSIS = YES;
				CLANG_WARN_STRICT_PROTOTYPES = YES;
				CLANG_WARN_SUSPICIOUS_MOVE = YES;
				CLANG_WARN_UNREACHABLE_CODE = YES;
				CLANG_WARN__DUPLICATE_METHOD_MATCH = YES;
				"CODE_SIGN_IDENTITY[sdk=iphoneos*]" = "iPhone Developer";
				COPY_PHASE_STRIP = NO;
				DEBUG_INFORMATION_FORMAT = "dwarf-with-dsym";
				ENABLE_NS_ASSERTIONS = NO;
				ENABLE_STRICT_OBJC_MSGSEND = YES;
				GCC_C_LANGUAGE_STANDARD = gnu99;
				GCC_NO_COMMON_BLOCKS = YES;
				GCC_WARN_64_TO_32_BIT_CONVERSION = YES;
				GCC_WARN_ABOUT_RETURN_TYPE = YES_ERROR;
				GCC_WARN_UNDECLARED_SELECTOR = YES;
				GCC_WARN_UNINITIALIZED_AUTOS = YES_AGGRESSIVE;
				GCC_WARN_UNUSED_FUNCTION = YES;
				GCC_WARN_UNUSED_VARIABLE = YES;
				IPHONEOS_DEPLOYMENT_TARGET = 8.0;
				MTL_ENABLE_DEBUG_INFO = NO;
				SDKROOT = iphoneos;
				VALIDATE_PRODUCT = YES;
			};
			name = Release;
		};
		7CA34A9B1E88EF430043159B /* Debug */ = {
			isa = XCBuildConfiguration;
			baseConfigurationReference = 24B152B78513ABC07A06AD8F /* Pods-Common.debug.xcconfig */;
			buildSettings = {
				ASSETCATALOG_COMPILER_APPICON_NAME = AppIcon;
				DEVELOPMENT_TEAM = 64XD5N6K79;
				GCC_PRECOMPILE_PREFIX_HEADER = YES;
				GCC_PREFIX_HEADER = "$(SRCROOT)/Common/PrefixHeader.pch";
				INFOPLIST_FILE = Common/Info.plist;
				IPHONEOS_DEPLOYMENT_TARGET = 8.0;
				LD_RUNPATH_SEARCH_PATHS = "$(inherited) @executable_path/Frameworks";
				PRODUCT_BUNDLE_IDENTIFIER = "------------.Common";
				PRODUCT_NAME = "$(TARGET_NAME)";
			};
			name = Debug;
		};
		7CA34A9C1E88EF430043159B /* Release */ = {
			isa = XCBuildConfiguration;
			baseConfigurationReference = F4000A11C6D634D7B2DC45F1 /* Pods-Common.release.xcconfig */;
			buildSettings = {
				ASSETCATALOG_COMPILER_APPICON_NAME = AppIcon;
				DEVELOPMENT_TEAM = 64XD5N6K79;
				GCC_PRECOMPILE_PREFIX_HEADER = YES;
				GCC_PREFIX_HEADER = "$(SRCROOT)/Common/PrefixHeader.pch";
				INFOPLIST_FILE = Common/Info.plist;
				IPHONEOS_DEPLOYMENT_TARGET = 8.0;
				LD_RUNPATH_SEARCH_PATHS = "$(inherited) @executable_path/Frameworks";
				PRODUCT_BUNDLE_IDENTIFIER = "------------.Common";
				PRODUCT_NAME = "$(TARGET_NAME)";
			};
			name = Release;
		};
		7CA34A9E1E88EF430043159B /* Debug */ = {
			isa = XCBuildConfiguration;
			buildSettings = {
				BUNDLE_LOADER = "$(TEST_HOST)";
				DEVELOPMENT_TEAM = 64XD5N6K79;
				INFOPLIST_FILE = CommonTests/Info.plist;
				LD_RUNPATH_SEARCH_PATHS = "$(inherited) @executable_path/Frameworks @loader_path/Frameworks";
				PRODUCT_BUNDLE_IDENTIFIER = "------------.CommonTests";
				PRODUCT_NAME = "$(TARGET_NAME)";
				TEST_HOST = "$(BUILT_PRODUCTS_DIR)/Common.app/Common";
			};
			name = Debug;
		};
		7CA34A9F1E88EF430043159B /* Release */ = {
			isa = XCBuildConfiguration;
			buildSettings = {
				BUNDLE_LOADER = "$(TEST_HOST)";
				DEVELOPMENT_TEAM = 64XD5N6K79;
				INFOPLIST_FILE = CommonTests/Info.plist;
				LD_RUNPATH_SEARCH_PATHS = "$(inherited) @executable_path/Frameworks @loader_path/Frameworks";
				PRODUCT_BUNDLE_IDENTIFIER = "------------.CommonTests";
				PRODUCT_NAME = "$(TARGET_NAME)";
				TEST_HOST = "$(BUILT_PRODUCTS_DIR)/Common.app/Common";
			};
			name = Release;
		};
		7CA34AA11E88EF430043159B /* Debug */ = {
			isa = XCBuildConfiguration;
			buildSettings = {
				DEVELOPMENT_TEAM = 64XD5N6K79;
				INFOPLIST_FILE = CommonUITests/Info.plist;
				LD_RUNPATH_SEARCH_PATHS = "$(inherited) @executable_path/Frameworks @loader_path/Frameworks";
				PRODUCT_BUNDLE_IDENTIFIER = "------------.CommonUITests";
				PRODUCT_NAME = "$(TARGET_NAME)";
				TEST_TARGET_NAME = Common;
			};
			name = Debug;
		};
		7CA34AA21E88EF430043159B /* Release */ = {
			isa = XCBuildConfiguration;
			buildSettings = {
				DEVELOPMENT_TEAM = 64XD5N6K79;
				INFOPLIST_FILE = CommonUITests/Info.plist;
				LD_RUNPATH_SEARCH_PATHS = "$(inherited) @executable_path/Frameworks @loader_path/Frameworks";
				PRODUCT_BUNDLE_IDENTIFIER = "------------.CommonUITests";
				PRODUCT_NAME = "$(TARGET_NAME)";
				TEST_TARGET_NAME = Common;
			};
			name = Release;
		};
/* End XCBuildConfiguration section */

/* Begin XCConfigurationList section */
		7CA34A681E88EF430043159B /* Build configuration list for PBXProject "Common" */ = {
			isa = XCConfigurationList;
			buildConfigurations = (
				7CA34A981E88EF430043159B /* Debug */,
				7CA34A991E88EF430043159B /* Release */,
			);
			defaultConfigurationIsVisible = 0;
			defaultConfigurationName = Release;
		};
		7CA34A9A1E88EF430043159B /* Build configuration list for PBXNativeTarget "Common" */ = {
			isa = XCConfigurationList;
			buildConfigurations = (
				7CA34A9B1E88EF430043159B /* Debug */,
				7CA34A9C1E88EF430043159B /* Release */,
			);
			defaultConfigurationIsVisible = 0;
			defaultConfigurationName = Release;
		};
		7CA34A9D1E88EF430043159B /* Build configuration list for PBXNativeTarget "CommonTests" */ = {
			isa = XCConfigurationList;
			buildConfigurations = (
				7CA34A9E1E88EF430043159B /* Debug */,
				7CA34A9F1E88EF430043159B /* Release */,
			);
			defaultConfigurationIsVisible = 0;
			defaultConfigurationName = Release;
		};
		7CA34AA01E88EF430043159B /* Build configuration list for PBXNativeTarget "CommonUITests" */ = {
			isa = XCConfigurationList;
			buildConfigurations = (
				7CA34AA11E88EF430043159B /* Debug */,
				7CA34AA21E88EF430043159B /* Release */,
			);
			defaultConfigurationIsVisible = 0;
			defaultConfigurationName = Release;
		};
/* End XCConfigurationList section */
	};
	rootObject = 7CA34A651E88EF430043159B /* Project object */;
}
